
Microsoft Visual Studio Solution File, Format Version 12.00
# Visual Studio 14
VisualStudioVersion = 14.0.25123.0
MinimumVisualStudioVersion = 10.0.40219.1
Project("{FAE04EC0-301F-11D3-BF4B-00C04F79EFBC}") = "FluentSiren", "FluentSiren\FluentSiren.csproj", "{57AFB757-B9CF-4630-A21B-5F9986ECBE8B}"
EndProject
Project("{FAE04EC0-301F-11D3-BF4B-00C04F79EFBC}") = "FluentSiren.Tests.Unit", "FluentSiren.Tests.Unit\FluentSiren.Tests.Unit.csproj", "{F7F61664-126D-4A84-9963-A655DDC61D1C}"
EndProject
Project("{FAE04EC0-301F-11D3-BF4B-00C04F79EFBC}") = "FluentSiren.AspNet.WebApi", "FluentSiren.AspNet.WebApi\FluentSiren.AspNet.WebApi.csproj", "{236C43B3-6740-4AB9-A6BC-5C5E5D93DE06}"
EndProject
Project("{FAE04EC0-301F-11D3-BF4B-00C04F79EFBC}") = "FluentSiren.AspNet.WebApi.Tests.Integration", "FluentSiren.AspNet.WebApi.Tests.Integration\FluentSiren.AspNet.WebApi.Tests.Integration.csproj", "{BC2CA06E-1CBB-4087-A167-2399CEA70C36}"
EndProject
Project("{FAE04EC0-301F-11D3-BF4B-00C04F79EFBC}") = "FluentSiren.AspNet.WebApi.Tests.Unit", "FluentSiren.AspNet.WebApi.Tests.Unit\FluentSiren.AspNet.WebApi.Tests.Unit.csproj", "{879A5C45-F690-4904-9902-A07E4A683CFE}"
EndProject
Global
	GlobalSection(SolutionConfigurationPlatforms) = preSolution
		Debug|Any CPU = Debug|Any CPU
		Release|Any CPU = Release|Any CPU
	EndGlobalSection
	GlobalSection(ProjectConfigurationPlatforms) = postSolution
		{57AFB757-B9CF-4630-A21B-5F9986ECBE8B}.Debug|Any CPU.ActiveCfg = Debug|Any CPU
		{57AFB757-B9CF-4630-A21B-5F9986ECBE8B}.Debug|Any CPU.Build.0 = Debug|Any CPU
		{57AFB757-B9CF-4630-A21B-5F9986ECBE8B}.Release|Any CPU.ActiveCfg = Release|Any CPU
		{57AFB757-B9CF-4630-A21B-5F9986ECBE8B}.Release|Any CPU.Build.0 = Release|Any CPU
		{F7F61664-126D-4A84-9963-A655DDC61D1C}.Debug|Any CPU.ActiveCfg = Debug|Any CPU
		{F7F61664-126D-4A84-9963-A655DDC61D1C}.Debug|Any CPU.Build.0 = Debug|Any CPU
		{F7F61664-126D-4A84-9963-A655DDC61D1C}.Release|Any CPU.ActiveCfg = Release|Any CPU
		{F7F61664-126D-4A84-9963-A655DDC61D1C}.Release|Any CPU.Build.0 = Release|Any CPU
		{236C43B3-6740-4AB9-A6BC-5C5E5D93DE06}.Debug|Any CPU.ActiveCfg = Debug|Any CPU
		{236C43B3-6740-4AB9-A6BC-5C5E5D93DE06}.Debug|Any CPU.Build.0 = Debug|Any CPU
		{236C43B3-6740-4AB9-A6BC-5C5E5D93DE06}.Release|Any CPU.ActiveCfg = Release|Any CPU
		{236C43B3-6740-4AB9-A6BC-5C5E5D93DE06}.Release|Any CPU.Build.0 = Release|Any CPU
		{BC2CA06E-1CBB-4087-A167-2399CEA70C36}.Debug|Any CPU.ActiveCfg = Debug|Any CPU
		{BC2CA06E-1CBB-4087-A167-2399CEA70C36}.Debug|Any CPU.Build.0 = Debug|Any CPU
		{BC2CA06E-1CBB-4087-A167-2399CEA70C36}.Release|Any CPU.ActiveCfg = Release|Any CPU
		{BC2CA06E-1CBB-4087-A167-2399CEA70C36}.Release|Any CPU.Build.0 = Release|Any CPU
		{879A5C45-F690-4904-9902-A07E4A683CFE}.Debug|Any CPU.ActiveCfg = Debug|Any CPU
		{879A5C45-F690-4904-9902-A07E4A683CFE}.Debug|Any CPU.Build.0 = Debug|Any CPU
		{879A5C45-F690-4904-9902-A07E4A683CFE}.Release|Any CPU.ActiveCfg = Release|Any CPU
		{879A5C45-F690-4904-9902-A07E4A683CFE}.Release|Any CPU.Build.0 = Release|Any CPU
	EndGlobalSection
	GlobalSection(SolutionProperties) = preSolution
		HideSolutionNode = FALSE
	EndGlobalSection
EndGlobal
